
Microsoft Visual Studio Solution File, Format Version 12.00
# Visual Studio Version 16
VisualStudioVersion = 16.0.31624.102
MinimumVisualStudioVersion = 10.0.40219.1
Project("{8BC9CEB8-8B4A-11D0-8D11-00A0C91BC942}") = "DuiLib_Static", "DuiLib\DuiLib_Static.vcxproj", "{E106ACD7-4E53-4AEE-942B-D0DD426DB34E}"
EndProject
Project("{8BC9CEB8-8B4A-11D0-8D11-00A0C91BC942}") = "Test", "Test\Test.vcxproj", "{4D9E11E6-CC02-491B-95C9-659C52D30794}"
EndProject
Global
	GlobalSection(SolutionConfigurationPlatforms) = preSolution
		Debug|x64 = Debug|x64
		Debug|x86 = Debug|x86
		Release|x64 = Release|x64
		Release|x86 = Release|x86
		UnicodeDebug|x64 = UnicodeDebug|x64
		UnicodeDebug|x86 = UnicodeDebug|x86
		UnicodeRelease|x64 = UnicodeRelease|x64
		UnicodeRelease|x86 = UnicodeRelease|x86
	EndGlobalSection
	GlobalSection(ProjectConfigurationPlatforms) = postSolution
		{E106ACD7-4E53-4AEE-942B-D0DD426DB34E}.Debug|x64.ActiveCfg = Debug|Win32
		{E106ACD7-4E53-4AEE-942B-D0DD426DB34E}.Debug|x86.ActiveCfg = Debug|Win32
		{E106ACD7-4E53-4AEE-942B-D0DD426DB34E}.Debug|x86.Build.0 = Debug|Win32
		{E106ACD7-4E53-4AEE-942B-D0DD426DB34E}.Release|x64.ActiveCfg = Release|Win32
		{E106ACD7-4E53-4AEE-942B-D0DD426DB34E}.Release|x86.ActiveCfg = Release|Win32
		{E106ACD7-4E53-4AEE-942B-D0DD426DB34E}.Release|x86.Build.0 = Release|Win32
		{E106ACD7-4E53-4AEE-942B-D0DD426DB34E}.UnicodeDebug|x64.ActiveCfg = UnicodeDebug|Win32
		{E106ACD7-4E53-4AEE-942B-D0DD426DB34E}.UnicodeDebug|x86.ActiveCfg = UnicodeDebug|Win32
		{E106ACD7-4E53-4AEE-942B-D0DD426DB34E}.UnicodeDebug|x86.Build.0 = UnicodeDebug|Win32
		{E106ACD7-4E53-4AEE-942B-D0DD426DB34E}.UnicodeRelease|x64.ActiveCfg = UnicodeRelease|Win32
		{E106ACD7-4E53-4AEE-942B-D0DD426DB34E}.UnicodeRelease|x86.ActiveCfg = UnicodeRelease|Win32
		{E106ACD7-4E53-4AEE-942B-D0DD426DB34E}.UnicodeRelease|x86.Build.0 = UnicodeRelease|Win32
		{4D9E11E6-CC02-491B-95C9-659C52D30794}.Debug|x64.ActiveCfg = Debug|x64
		{4D9E11E6-CC02-491B-95C9-659C52D30794}.Debug|x64.Build.0 = Debug|x64
		{4D9E11E6-CC02-491B-95C9-659C52D30794}.Debug|x86.ActiveCfg = Debug|Win32
		{4D9E11E6-CC02-491B-95C9-659C52D30794}.Debug|x86.Build.0 = Debug|Win32
		{4D9E11E6-CC02-491B-95C9-659C52D30794}.Release|x64.ActiveCfg = Release|x64
		{4D9E11E6-CC02-491B-95C9-659C52D30794}.Release|x64.Build.0 = Release|x64
		{4D9E11E6-CC02-491B-95C9-659C52D30794}.Release|x86.ActiveCfg = Release|Win32
		{4D9E11E6-CC02-491B-95C9-659C52D30794}.Release|x86.Build.0 = Release|Win32
		{4D9E11E6-CC02-491B-95C9-659C52D30794}.UnicodeDebug|x64.ActiveCfg = Debug|x64
		{4D9E11E6-CC02-491B-95C9-659C52D30794}.UnicodeDebug|x64.Build.0 = Debug|x64
		{4D9E11E6-CC02-491B-95C9-659C52D30794}.UnicodeDebug|x86.ActiveCfg = Debug|Win32
		{4D9E11E6-CC02-491B-95C9-659C52D30794}.UnicodeDebug|x86.Build.0 = Debug|Win32
		{4D9E11E6-CC02-491B-95C9-659C52D30794}.UnicodeRelease|x64.ActiveCfg = Release|x64
		{4D9E11E6-CC02-491B-95C9-659C52D30794}.UnicodeRelease|x64.Build.0 = Release|x64
		{4D9E11E6-CC02-491B-95C9-659C52D30794}.UnicodeRelease|x86.ActiveCfg = Release|Win32
		{4D9E11E6-CC02-491B-95C9-659C52D30794}.UnicodeRelease|x86.Build.0 = Release|Win32
	EndGlobalSection
	GlobalSection(SolutionProperties) = preSolution
		HideSolutionNode = FALSE
	EndGlobalSection
	GlobalSection(ExtensibilityGlobals) = postSolution
		SolutionGuid = {ED72DF0D-EF0B-4CA1-88B3-41543ABC067D}
	EndGlobalSection
EndGlobal
